
Microsoft Visual Studio Solution File, Format Version 12.00
# Visual Studio 15
VisualStudioVersion = 15.0.26730.16
MinimumVisualStudioVersion = 10.0.40219.1
Project("{9A19103F-16F7-4668-BE54-9A1E7A4F7556}") = "WordPress", "WordPress\WordPress.csproj", "{AF483940-67B1-4E74-8A70-1746388C9370}"
EndProject
Project("{FAE04EC0-301F-11D3-BF4B-00C04F79EFBC}") = "WordPress.Tests", "WordPress.Tests\WordPress.Tests.csproj", "{1CE4D37E-123D-458E-83C9-E2B930F793B2}"
EndProject
Global
	GlobalSection(SolutionConfigurationPlatforms) = preSolution
		Debug|Any CPU = Debug|Any CPU
		Debug|ARM = Debug|ARM
		Debug|x64 = Debug|x64
		Debug|x86 = Debug|x86
		Release|Any CPU = Release|Any CPU
		Release|ARM = Release|ARM
		Release|x64 = Release|x64
		Release|x86 = Release|x86
	EndGlobalSection
	GlobalSection(ProjectConfigurationPlatforms) = postSolution
		{AF483940-67B1-4E74-8A70-1746388C9370}.Debug|Any CPU.ActiveCfg = Debug|Any CPU
		{AF483940-67B1-4E74-8A70-1746388C9370}.Debug|Any CPU.Build.0 = Debug|Any CPU
		{AF483940-67B1-4E74-8A70-1746388C9370}.Debug|ARM.ActiveCfg = Debug|Any CPU
		{AF483940-67B1-4E74-8A70-1746388C9370}.Debug|ARM.Build.0 = Debug|Any CPU
		{AF483940-67B1-4E74-8A70-1746388C9370}.Debug|x64.ActiveCfg = Debug|Any CPU
		{AF483940-67B1-4E74-8A70-1746388C9370}.Debug|x64.Build.0 = Debug|Any CPU
		{AF483940-67B1-4E74-8A70-1746388C9370}.Debug|x86.ActiveCfg = Debug|Any CPU
		{AF483940-67B1-4E74-8A70-1746388C9370}.Debug|x86.Build.0 = Debug|Any CPU
		{AF483940-67B1-4E74-8A70-1746388C9370}.Release|Any CPU.ActiveCfg = Release|Any CPU
		{AF483940-67B1-4E74-8A70-1746388C9370}.Release|Any CPU.Build.0 = Release|Any CPU
		{AF483940-67B1-4E74-8A70-1746388C9370}.Release|ARM.ActiveCfg = Release|Any CPU
		{AF483940-67B1-4E74-8A70-1746388C9370}.Release|ARM.Build.0 = Release|Any CPU
		{AF483940-67B1-4E74-8A70-1746388C9370}.Release|x64.ActiveCfg = Release|Any CPU
		{AF483940-67B1-4E74-8A70-1746388C9370}.Release|x64.Build.0 = Release|Any CPU
		{AF483940-67B1-4E74-8A70-1746388C9370}.Release|x86.ActiveCfg = Release|Any CPU
		{AF483940-67B1-4E74-8A70-1746388C9370}.Release|x86.Build.0 = Release|Any CPU
		{1CE4D37E-123D-458E-83C9-E2B930F793B2}.Debug|Any CPU.ActiveCfg = Debug|Any CPU
		{1CE4D37E-123D-458E-83C9-E2B930F793B2}.Debug|Any CPU.Build.0 = Debug|Any CPU
		{1CE4D37E-123D-458E-83C9-E2B930F793B2}.Debug|ARM.ActiveCfg = Debug|Any CPU
		{1CE4D37E-123D-458E-83C9-E2B930F793B2}.Debug|ARM.Build.0 = Debug|Any CPU
		{1CE4D37E-123D-458E-83C9-E2B930F793B2}.Debug|x64.ActiveCfg = Debug|Any CPU
		{1CE4D37E-123D-458E-83C9-E2B930F793B2}.Debug|x64.Build.0 = Debug|Any CPU
		{1CE4D37E-123D-458E-83C9-E2B930F793B2}.Debug|x86.ActiveCfg = Debug|Any CPU
		{1CE4D37E-123D-458E-83C9-E2B930F793B2}.Debug|x86.Build.0 = Debug|Any CPU
		{1CE4D37E-123D-458E-83C9-E2B930F793B2}.Release|Any CPU.ActiveCfg = Release|Any CPU
		{1CE4D37E-123D-458E-83C9-E2B930F793B2}.Release|Any CPU.Build.0 = Release|Any CPU
		{1CE4D37E-123D-458E-83C9-E2B930F793B2}.Release|ARM.ActiveCfg = Release|Any CPU
		{1CE4D37E-123D-458E-83C9-E2B930F793B2}.Release|ARM.Build.0 = Release|Any CPU
		{1CE4D37E-123D-458E-83C9-E2B930F793B2}.Release|x64.ActiveCfg = Release|Any CPU
		{1CE4D37E-123D-458E-83C9-E2B930F793B2}.Release|x64.Build.0 = Release|Any CPU
		{1CE4D37E-123D-458E-83C9-E2B930F793B2}.Release|x86.ActiveCfg = Release|Any CPU
		{1CE4D37E-123D-458E-83C9-E2B930F793B2}.Release|x86.Build.0 = Release|Any CPU
	EndGlobalSection
	GlobalSection(SolutionProperties) = preSolution
		HideSolutionNode = FALSE
	EndGlobalSection
	GlobalSection(ExtensibilityGlobals) = postSolution
		SolutionGuid = {DCAE6DB9-1378-46AF-B0BE-2681F55538BA}
	EndGlobalSection
EndGlobal
